
Microsoft Visual Studio Solution File, Format Version 12.00
# Visual Studio Version 17
VisualStudioVersion = 17.5.33414.496
MinimumVisualStudioVersion = 10.0.40219.1
Project("{FAE04EC0-301F-11D3-BF4B-00C04F79EFBC}") = "LinkedListProblem", "LinkedListProblem.csproj", "{4FF61584-59BE-47E8-8311-A5646965F06E}"
EndProject
Global
	GlobalSection(SolutionConfigurationPlatforms) = preSolution
		Debug|Any CPU = Debug|Any CPU
		Release|Any CPU = Release|Any CPU
	EndGlobalSection
	GlobalSection(ProjectConfigurationPlatforms) = postSolution
		{4FF61584-59BE-47E8-8311-A5646965F06E}.Debug|Any CPU.ActiveCfg = Debug|Any CPU
		{4FF61584-59BE-47E8-8311-A5646965F06E}.Debug|Any CPU.Build.0 = Debug|Any CPU
		{4FF61584-59BE-47E8-8311-A5646965F06E}.Release|Any CPU.ActiveCfg = Release|Any CPU
		{4FF61584-59BE-47E8-8311-A5646965F06E}.Release|Any CPU.Build.0 = Release|Any CPU
	EndGlobalSection
	GlobalSection(SolutionProperties) = preSolution
		HideSolutionNode = FALSE
	EndGlobalSection
	GlobalSection(ExtensibilityGlobals) = postSolution
		SolutionGuid = {6B13D4B6-1669-44B3-92B3-5FCFC932E50F}
	EndGlobalSection
EndGlobal
